
Microsoft Visual Studio Solution File, Format Version 12.00
# Visual Studio Version 16
VisualStudioVersion = 16.0.30330.147
MinimumVisualStudioVersion = 10.0.40219.1
Project("{FAE04EC0-301F-11D3-BF4B-00C04F79EFBC}") = "DadJokesApp", "DadJokesApp\DadJokesApp.csproj", "{EECCDEE2-5C45-4388-9958-E0C81E11C730}"
EndProject
Project("{FAE04EC0-301F-11D3-BF4B-00C04F79EFBC}") = "DadJokesLibrary", "DadJokesLibrary\DadJokesLibrary.csproj", "{D26D13CD-76BE-4870-8B0A-178DEE815A35}"
EndProject
Global
	GlobalSection(SolutionConfigurationPlatforms) = preSolution
		Debug|Any CPU = Debug|Any CPU
		Release|Any CPU = Release|Any CPU
	EndGlobalSection
	GlobalSection(ProjectConfigurationPlatforms) = postSolution
		{EECCDEE2-5C45-4388-9958-E0C81E11C730}.Debug|Any CPU.ActiveCfg = Debug|Any CPU
		{EECCDEE2-5C45-4388-9958-E0C81E11C730}.Debug|Any CPU.Build.0 = Debug|Any CPU
		{EECCDEE2-5C45-4388-9958-E0C81E11C730}.Release|Any CPU.ActiveCfg = Release|Any CPU
		{EECCDEE2-5C45-4388-9958-E0C81E11C730}.Release|Any CPU.Build.0 = Release|Any CPU
		{D26D13CD-76BE-4870-8B0A-178DEE815A35}.Debug|Any CPU.ActiveCfg = Debug|Any CPU
		{D26D13CD-76BE-4870-8B0A-178DEE815A35}.Debug|Any CPU.Build.0 = Debug|Any CPU
		{D26D13CD-76BE-4870-8B0A-178DEE815A35}.Release|Any CPU.ActiveCfg = Release|Any CPU
		{D26D13CD-76BE-4870-8B0A-178DEE815A35}.Release|Any CPU.Build.0 = Release|Any CPU
	EndGlobalSection
	GlobalSection(SolutionProperties) = preSolution
		HideSolutionNode = FALSE
	EndGlobalSection
	GlobalSection(ExtensibilityGlobals) = postSolution
		SolutionGuid = {E403DEB8-7901-45EF-924D-BE1F9C43975D}
	EndGlobalSection
EndGlobal
